<?xml version="1.0" encoding="utf-8"?>
<Project ToolsVersion="4.0" xmlns="http://schemas.microsoft.com/developer/msbuild/2003">
  <ItemGroup>
    <Filter Include="Quelldateien">
      <UniqueIdentifier>{4FC737F1-C7A5-4376-A066-2A32D752A2FF}</UniqueIdentifier>
      <Extensions>cpp;c;cc;cxx;def;odl;idl;hpj;bat;asm;asmx</Extensions>
    </Filter>
    <Filter Include="Headerdateien">
      <UniqueIdentifier>{93995380-89BD-4b04-88EB-625FBE52EBFB}</UniqueIdentifier>
      <Extensions>h;hh;hpp;hxx;hm;inl;inc;xsd</Extensions>
    </Filter>
    <Filter Include="Ressourcendateien">
      <UniqueIdentifier>{67DA6AB6-F800-4c08-8B7A-83BB121AAD01}</UniqueIdentifier>
      <Extensions>rc;ico;cur;bmp;dlg;rc2;rct;bin;rgs;gif;jpg;jpeg;jpe;resx;tiff;tif;png;wav;mfcribbon-ms</Extensions>
    </Filter>
    <Filter Include="Data">
      <UniqueIdentifier>{d786fe81-2fea-4dce-9a21-949bfef51172}</UniqueIdentifier>
      <Extensions>txt</Extensions>
    </Filter>
  </ItemGroup>
  <ItemGroup>
    <ClCompile Include="program.cpp">
      <Filter>Quelldateien</Filter>
    </ClCompile>
  </ItemGroup>
  <ItemGroup>
    <ClInclude Include="Structures.h">
      <Filter>Headerdateien</Filter>
    </ClInclude>
    <ClInclude Include="Randomization.h">
      <Filter>Headerdateien</Filter>
    </ClInclude>
    <ClInclude Include="IO.h">
      <Filter>Headerdateien</Filter>
    </ClInclude>
    <ClInclude Include="Calculation.h">
      <Filter>Headerdateien</Filter>
    </ClInclude>
  </ItemGroup>
  <ItemGroup>
    <Text Include="Data\_con.de.txt">
      <Filter>Data</Filter>
    </Text>
    <Text Include="Data\ads.de.txt">
      <Filter>Data</Filter>
    </Text>
    <Text Include="Data\alv.de.txt">
      <Filter>Data</Filter>
    </Text>
    <Text Include="Data\bas.de.txt">
      <Filter>Data</Filter>
    </Text>
    <Text Include="Data\bayn.de.txt">
      <Filter>Data</Filter>
    </Text>
    <Text Include="Data\bei.de.txt">
      <Filter>Data</Filter>
    </Text>
    <Text Include="Data\bmw.de.txt">
      <Filter>Data</Filter>
    </Text>
    <Text Include="Data\cbk.de.txt">
      <Filter>Data</Filter>
    </Text>
    <Text Include="Data\dai.de.txt">
      <Filter>Data</Filter>
    </Text>
    <Text Include="Data\dbk.de.txt">
      <Filter>Data</Filter>
    </Text>
    <Text Include="Data\dpw.de.txt">
      <Filter>Data</Filter>
    </Text>
    <Text Include="Data\dte.de.txt">
      <Filter>Data</Filter>
    </Text>
    <Text Include="Data\eoan.de.txt">
      <Filter>Data</Filter>
    </Text>
    <Text Include="Data\fme.de.txt">
      <Filter>Data</Filter>
    </Text>
    <Text Include="Data\fre.de.txt">
      <Filter>Data</Filter>
    </Text>
    <Text Include="Data\hei.de.txt">
      <Filter>Data</Filter>
    </Text>
    <Text Include="Data\hen3.de.txt">
      <Filter>Data</Filter>
    </Text>
    <Text Include="Data\ifx.de.txt">
      <Filter>Data</Filter>
    </Text>
    <Text Include="Data\lha.de.txt">
      <Filter>Data</Filter>
    </Text>
    <Text Include="Data\lin.de.txt">
      <Filter>Data</Filter>
    </Text>
    <Text Include="Data\mrk.de.txt">
      <Filter>Data</Filter>
    </Text>
    <Text Include="Data\muv2.de.txt">
      <Filter>Data</Filter>
    </Text>
    <Text Include="Data\psm.de.txt">
      <Filter>Data</Filter>
    </Text>
    <Text Include="Data\rwe.de.txt">
      <Filter>Data</Filter>
    </Text>
    <Text Include="Data\sap.de.txt">
      <Filter>Data</Filter>
    </Text>
    <Text Include="Data\sie.de.txt">
      <Filter>Data</Filter>
    </Text>
    <Text Include="Data\tka.de.txt">
      <Filter>Data</Filter>
    </Text>
    <Text Include="Data\vow3.de.txt">
      <Filter>Data</Filter>
    </Text>
  </ItemGroup>
</Project>